
Microsoft Visual Studio Solution File, Format Version 12.00
# Visual Studio Version 17
VisualStudioVersion = 17.14.36401.2
MinimumVisualStudioVersion = 10.0.40219.1
Project("{FAE04EC0-301F-11D3-BF4B-00C04F79EFBC}") = "UserContextMenuApp", "UserContextMenuApp\UserContextMenuApp.csproj", "{ABE6EFD5-EDB9-445B-A490-A570E9CCFB9D}"
	ProjectSection(ProjectDependencies) = postProject
		{3FF161B2-1EED-46A8-AC86-C1EA3DB3576D} = {3FF161B2-1EED-46A8-AC86-C1EA3DB3576D}
	EndProjectSection
EndProject
Project("{8BC9CEB8-8B4A-11D0-8D11-00A0C91BC942}") = "UserContextMenuVerb", "UserContextMenuVerb\UserContextMenuVerb.vcxproj", "{3FF161B2-1EED-46A8-AC86-C1EA3DB3576D}"
EndProject
Global
	GlobalSection(SolutionConfigurationPlatforms) = preSolution
		Debug|ARM64 = Debug|ARM64
		Debug|x64 = Debug|x64
		Release|ARM64 = Release|ARM64
		Release|x64 = Release|x64
	EndGlobalSection
	GlobalSection(ProjectConfigurationPlatforms) = postSolution
		{ABE6EFD5-EDB9-445B-A490-A570E9CCFB9D}.Debug|ARM64.ActiveCfg = Debug|ARM64
		{ABE6EFD5-EDB9-445B-A490-A570E9CCFB9D}.Debug|ARM64.Build.0 = Debug|ARM64
		{ABE6EFD5-EDB9-445B-A490-A570E9CCFB9D}.Debug|ARM64.Deploy.0 = Debug|ARM64
		{ABE6EFD5-EDB9-445B-A490-A570E9CCFB9D}.Debug|x64.ActiveCfg = Debug|x64
		{ABE6EFD5-EDB9-445B-A490-A570E9CCFB9D}.Debug|x64.Build.0 = Debug|x64
		{ABE6EFD5-EDB9-445B-A490-A570E9CCFB9D}.Debug|x64.Deploy.0 = Debug|x64
		{ABE6EFD5-EDB9-445B-A490-A570E9CCFB9D}.Release|ARM64.ActiveCfg = Release|ARM64
		{ABE6EFD5-EDB9-445B-A490-A570E9CCFB9D}.Release|ARM64.Build.0 = Release|ARM64
		{ABE6EFD5-EDB9-445B-A490-A570E9CCFB9D}.Release|ARM64.Deploy.0 = Release|ARM64
		{ABE6EFD5-EDB9-445B-A490-A570E9CCFB9D}.Release|x64.ActiveCfg = Release|x64
		{ABE6EFD5-EDB9-445B-A490-A570E9CCFB9D}.Release|x64.Build.0 = Release|x64
		{ABE6EFD5-EDB9-445B-A490-A570E9CCFB9D}.Release|x64.Deploy.0 = Release|x64
		{3FF161B2-1EED-46A8-AC86-C1EA3DB3576D}.Debug|ARM64.ActiveCfg = Debug|ARM64
		{3FF161B2-1EED-46A8-AC86-C1EA3DB3576D}.Debug|ARM64.Build.0 = Debug|ARM64
		{3FF161B2-1EED-46A8-AC86-C1EA3DB3576D}.Debug|x64.ActiveCfg = Debug|x64
		{3FF161B2-1EED-46A8-AC86-C1EA3DB3576D}.Debug|x64.Build.0 = Debug|x64
		{3FF161B2-1EED-46A8-AC86-C1EA3DB3576D}.Release|ARM64.ActiveCfg = Release|ARM64
		{3FF161B2-1EED-46A8-AC86-C1EA3DB3576D}.Release|ARM64.Build.0 = Release|ARM64
		{3FF161B2-1EED-46A8-AC86-C1EA3DB3576D}.Release|x64.ActiveCfg = Release|x64
		{3FF161B2-1EED-46A8-AC86-C1EA3DB3576D}.Release|x64.Build.0 = Release|x64
	EndGlobalSection
	GlobalSection(SolutionProperties) = preSolution
		HideSolutionNode = FALSE
	EndGlobalSection
	GlobalSection(ExtensibilityGlobals) = postSolution
		SolutionGuid = {FD68BA84-60F7-4C99-B820-966118DE958E}
	EndGlobalSection
EndGlobal
